
Microsoft Visual Studio Solution File, Format Version 12.00
# Visual Studio Version 17
VisualStudioVersion = 17.14.36511.14
MinimumVisualStudioVersion = 10.0.40219.1
Project("{FAE04EC0-301F-11D3-BF4B-00C04F79EFBC}") = "VibeHive", "VibeHive\VibeHive.csproj", "{F5B00CC7-A2AD-4382-814A-9A6298F2A92E}"
EndProject
Project("{FAE04EC0-301F-11D3-BF4B-00C04F79EFBC}") = "PlaylistAPI", "PlaylistAPI\PlaylistAPI.csproj", "{92B430B4-6039-40E5-9C70-189DACD70F26}"
EndProject
Project("{FAE04EC0-301F-11D3-BF4B-00C04F79EFBC}") = "PlaylistClient", "PlaylistClient\PlaylistClient.csproj", "{A8F01210-E5D8-4AC7-9C9C-3F2DD8BAFE97}"
EndProject
Global
	GlobalSection(SolutionConfigurationPlatforms) = preSolution
		Debug|Any CPU = Debug|Any CPU
		Release|Any CPU = Release|Any CPU
	EndGlobalSection
	GlobalSection(ProjectConfigurationPlatforms) = postSolution
		{F5B00CC7-A2AD-4382-814A-9A6298F2A92E}.Debug|Any CPU.ActiveCfg = Debug|Any CPU
		{F5B00CC7-A2AD-4382-814A-9A6298F2A92E}.Debug|Any CPU.Build.0 = Debug|Any CPU
		{F5B00CC7-A2AD-4382-814A-9A6298F2A92E}.Release|Any CPU.ActiveCfg = Release|Any CPU
		{F5B00CC7-A2AD-4382-814A-9A6298F2A92E}.Release|Any CPU.Build.0 = Release|Any CPU
		{92B430B4-6039-40E5-9C70-189DACD70F26}.Debug|Any CPU.ActiveCfg = Debug|Any CPU
		{92B430B4-6039-40E5-9C70-189DACD70F26}.Debug|Any CPU.Build.0 = Debug|Any CPU
		{92B430B4-6039-40E5-9C70-189DACD70F26}.Release|Any CPU.ActiveCfg = Release|Any CPU
		{92B430B4-6039-40E5-9C70-189DACD70F26}.Release|Any CPU.Build.0 = Release|Any CPU
		{A8F01210-E5D8-4AC7-9C9C-3F2DD8BAFE97}.Debug|Any CPU.ActiveCfg = Debug|Any CPU
		{A8F01210-E5D8-4AC7-9C9C-3F2DD8BAFE97}.Debug|Any CPU.Build.0 = Debug|Any CPU
		{A8F01210-E5D8-4AC7-9C9C-3F2DD8BAFE97}.Release|Any CPU.ActiveCfg = Release|Any CPU
		{A8F01210-E5D8-4AC7-9C9C-3F2DD8BAFE97}.Release|Any CPU.Build.0 = Release|Any CPU
	EndGlobalSection
	GlobalSection(SolutionProperties) = preSolution
		HideSolutionNode = FALSE
	EndGlobalSection
	GlobalSection(ExtensibilityGlobals) = postSolution
		SolutionGuid = {54961836-8587-4DC2-AD41-09D762E25413}
	EndGlobalSection
EndGlobal
